// !$*UTF8*$!
{
	archiveVersion = 1;
	classes = {
	};
	objectVersion = 56;
	objects = {

/* Begin PBXBuildFile section */
		6040D8DA29CB097300884451 /* AppDelegate.swift in Sources */ = {isa = PBXBuildFile; fileRef = 6040D8D929CB097300884451 /* AppDelegate.swift */; };
		6040D8DC29CB097300884451 /* SceneDelegate.swift in Sources */ = {isa = PBXBuildFile; fileRef = 6040D8DB29CB097300884451 /* SceneDelegate.swift */; };
		6040D8DE29CB097300884451 /* ViewController.swift in Sources */ = {isa = PBXBuildFile; fileRef = 6040D8DD29CB097300884451 /* ViewController.swift */; };
		6040D8E129CB097300884451 /* Main.storyboard in Resources */ = {isa = PBXBuildFile; fileRef = 6040D8DF29CB097300884451 /* Main.storyboard */; };
		6040D8E329CB097400884451 /* Assets.xcassets in Resources */ = {isa = PBXBuildFile; fileRef = 6040D8E229CB097400884451 /* Assets.xcassets */; };
		6040D8E629CB097400884451 /* LaunchScreen.storyboard in Resources */ = {isa = PBXBuildFile; fileRef = 6040D8E429CB097400884451 /* LaunchScreen.storyboard */; };
		6040D8F129CB4F8800884451 /* ProductsViewController.swift in Sources */ = {isa = PBXBuildFile; fileRef = 6040D8F029CB4F8800884451 /* ProductsViewController.swift */; };
		6040D8F329CB50CA00884451 /* Account.swift in Sources */ = {isa = PBXBuildFile; fileRef = 6040D8F229CB50CA00884451 /* Account.swift */; };
		6040D90129CBB56200884451 /* ViewButtons.swift in Sources */ = {isa = PBXBuildFile; fileRef = 6040D90029CBB56200884451 /* ViewButtons.swift */; };
		6075B72029D5BD6500F8DBE4 /* CartViewController.swift in Sources */ = {isa = PBXBuildFile; fileRef = 6075B71F29D5BD6500F8DBE4 /* CartViewController.swift */; };
		6075B72229D5C7B400F8DBE4 /* CartTableViewCell.swift in Sources */ = {isa = PBXBuildFile; fileRef = 6075B72129D5C7B400F8DBE4 /* CartTableViewCell.swift */; };
		6075B72829D750C300F8DBE4 /* PaymentViewController.swift in Sources */ = {isa = PBXBuildFile; fileRef = 6075B72729D750C300F8DBE4 /* PaymentViewController.swift */; };
		60DD46A529CBB84200058A9E /* View.xib in Resources */ = {isa = PBXBuildFile; fileRef = 60DD46A429CBB84200058A9E /* View.xib */; };
		60DD46A729CBBEAC00058A9E /* TableViewCellMain.swift in Sources */ = {isa = PBXBuildFile; fileRef = 60DD46A629CBBEAC00058A9E /* TableViewCellMain.swift */; };
		60DD46A929CF1ED200058A9E /* Product.swift in Sources */ = {isa = PBXBuildFile; fileRef = 60DD46A829CF1ED200058A9E /* Product.swift */; };
/* End PBXBuildFile section */

/* Begin PBXFileReference section */
		6040D8D629CB097300884451 /* Magazia.Final.app */ = {isa = PBXFileReference; explicitFileType = wrapper.application; includeInIndex = 0; path = Magazia.Final.app; sourceTree = BUILT_PRODUCTS_DIR; };
		6040D8D929CB097300884451 /* AppDelegate.swift */ = {isa = PBXFileReference; lastKnownFileType = sourcecode.swift; path = AppDelegate.swift; sourceTree = "<group>"; };
		6040D8DB29CB097300884451 /* SceneDelegate.swift */ = {isa = PBXFileReference; lastKnownFileType = sourcecode.swift; path = SceneDelegate.swift; sourceTree = "<group>"; };
		6040D8DD29CB097300884451 /* ViewController.swift */ = {isa = PBXFileReference; lastKnownFileType = sourcecode.swift; path = ViewController.swift; sourceTree = "<group>"; };
		6040D8E029CB097300884451 /* Base */ = {isa = PBXFileReference; lastKnownFileType = file.storyboard; name = Base; path = Base.lproj/Main.storyboard; sourceTree = "<group>"; };
		6040D8E229CB097400884451 /* Assets.xcassets */ = {isa = PBXFileReference; lastKnownFileType = folder.assetcatalog; path = Assets.xcassets; sourceTree = "<group>"; };
		6040D8E529CB097400884451 /* Base */ = {isa = PBXFileReference; lastKnownFileType = file.storyboard; name = Base; path = Base.lproj/LaunchScreen.storyboard; sourceTree = "<group>"; };
		6040D8E729CB097400884451 /* Info.plist */ = {isa = PBXFileReference; lastKnownFileType = text.plist.xml; path = Info.plist; sourceTree = "<group>"; };
		6040D8F029CB4F8800884451 /* ProductsViewController.swift */ = {isa = PBXFileReference; lastKnownFileType = sourcecode.swift; path = ProductsViewController.swift; sourceTree = "<group>"; };
		6040D8F229CB50CA00884451 /* Account.swift */ = {isa = PBXFileReference; lastKnownFileType = sourcecode.swift; path = Account.swift; sourceTree = "<group>"; };
		6040D90029CBB56200884451 /* ViewButtons.swift */ = {isa = PBXFileReference; lastKnownFileType = sourcecode.swift; path = ViewButtons.swift; sourceTree = "<group>"; };
		6075B71F29D5BD6500F8DBE4 /* CartViewController.swift */ = {isa = PBXFileReference; lastKnownFileType = sourcecode.swift; path = CartViewController.swift; sourceTree = "<group>"; };
		6075B72129D5C7B400F8DBE4 /* CartTableViewCell.swift */ = {isa = PBXFileReference; lastKnownFileType = sourcecode.swift; path = CartTableViewCell.swift; sourceTree = "<group>"; };
		6075B72729D750C300F8DBE4 /* PaymentViewController.swift */ = {isa = PBXFileReference; lastKnownFileType = sourcecode.swift; path = PaymentViewController.swift; sourceTree = "<group>"; };
		60DD46A429CBB84200058A9E /* View.xib */ = {isa = PBXFileReference; lastKnownFileType = file.xib; path = View.xib; sourceTree = "<group>"; };
		60DD46A629CBBEAC00058A9E /* TableViewCellMain.swift */ = {isa = PBXFileReference; lastKnownFileType = sourcecode.swift; path = TableViewCellMain.swift; sourceTree = "<group>"; };
		60DD46A829CF1ED200058A9E /* Product.swift */ = {isa = PBXFileReference; lastKnownFileType = sourcecode.swift; path = Product.swift; sourceTree = "<group>"; };
/* End PBXFileReference section */

/* Begin PBXFrameworksBuildPhase section */
		6040D8D329CB097300884451 /* Frameworks */ = {
			isa = PBXFrameworksBuildPhase;
			buildActionMask = 2147483647;
			files = (
			);
			runOnlyForDeploymentPostprocessing = 0;
		};
/* End PBXFrameworksBuildPhase section */

/* Begin PBXGroup section */
		6040D8CD29CB097300884451 = {
			isa = PBXGroup;
			children = (
				6040D8D829CB097300884451 /* Magazia.Final */,
				6040D8D729CB097300884451 /* Products */,
			);
			sourceTree = "<group>";
		};
		6040D8D729CB097300884451 /* Products */ = {
			isa = PBXGroup;
			children = (
				6040D8D629CB097300884451 /* Magazia.Final.app */,
			);
			name = Products;
			sourceTree = "<group>";
		};
		6040D8D829CB097300884451 /* Magazia.Final */ = {
			isa = PBXGroup;
			children = (
				6040D8D929CB097300884451 /* AppDelegate.swift */,
				6040D8DB29CB097300884451 /* SceneDelegate.swift */,
				6040D90029CBB56200884451 /* ViewButtons.swift */,
				6040D8EF29CB18D300884451 /* Model */,
				6040D8EE29CB18BE00884451 /* View */,
				6040D8ED29CB188900884451 /* Controller */,
				6075B72929DAEDF900F8DBE4 /* Cells */,
				6040D8E229CB097400884451 /* Assets.xcassets */,
				6040D8E429CB097400884451 /* LaunchScreen.storyboard */,
				6040D8E729CB097400884451 /* Info.plist */,
			);
			path = Magazia.Final;
			sourceTree = "<group>";
		};
		6040D8ED29CB188900884451 /* Controller */ = {
			isa = PBXGroup;
			children = (
				6040D8DF29CB097300884451 /* Main.storyboard */,
				60DD46A429CBB84200058A9E /* View.xib */,
			);
			path = Controller;
			sourceTree = "<group>";
		};
		6040D8EE29CB18BE00884451 /* View */ = {
			isa = PBXGroup;
			children = (
				6040D8DD29CB097300884451 /* ViewController.swift */,
				6040D8F029CB4F8800884451 /* ProductsViewController.swift */,
				6075B71F29D5BD6500F8DBE4 /* CartViewController.swift */,
				6075B72729D750C300F8DBE4 /* PaymentViewController.swift */,
			);
			path = View;
			sourceTree = "<group>";
		};
		6040D8EF29CB18D300884451 /* Model */ = {
			isa = PBXGroup;
			children = (
				60DD46A829CF1ED200058A9E /* Product.swift */,
				6040D8F229CB50CA00884451 /* Account.swift */,
			);
			path = Model;
			sourceTree = "<group>";
		};
		6075B72929DAEDF900F8DBE4 /* Cells */ = {
			isa = PBXGroup;
			children = (
				60DD46A629CBBEAC00058A9E /* TableViewCellMain.swift */,
				6075B72129D5C7B400F8DBE4 /* CartTableViewCell.swift */,
			);
			path = Cells;
			sourceTree = "<group>";
		};
/* End PBXGroup section */

/* Begin PBXNativeTarget section */
		6040D8D529CB097300884451 /* Magazia.Final */ = {
			isa = PBXNativeTarget;
			buildConfigurationList = 6040D8EA29CB097400884451 /* Build configuration list for PBXNativeTarget "Magazia.Final" */;
			buildPhases = (
				6040D8D229CB097300884451 /* Sources */,
				6040D8D329CB097300884451 /* Frameworks */,
				6040D8D429CB097300884451 /* Resources */,
			);
			buildRules = (
			);
			dependencies = (
			);
			name = Magazia.Final;
			productName = Magazia.Final;
			productReference = 6040D8D629CB097300884451 /* Magazia.Final.app */;
			productType = "com.apple.product-type.application";
		};
/* End PBXNativeTarget section */

/* Begin PBXProject section */
		6040D8CE29CB097300884451 /* Project object */ = {
			isa = PBXProject;
			attributes = {
				BuildIndependentTargetsInParallel = 1;
				LastSwiftUpdateCheck = 1420;
				LastUpgradeCheck = 1420;
				TargetAttributes = {
					6040D8D529CB097300884451 = {
						CreatedOnToolsVersion = 14.2;
					};
				};
			};
			buildConfigurationList = 6040D8D129CB097300884451 /* Build configuration list for PBXProject "Magazia.Final" */;
			compatibilityVersion = "Xcode 14.0";
			developmentRegion = en;
			hasScannedForEncodings = 0;
			knownRegions = (
				en,
				Base,
			);
			mainGroup = 6040D8CD29CB097300884451;
			productRefGroup = 6040D8D729CB097300884451 /* Products */;
			projectDirPath = "";
			projectRoot = "";
			targets = (
				6040D8D529CB097300884451 /* Magazia.Final */,
			);
		};
/* End PBXProject section */

/* Begin PBXResourcesBuildPhase section */
		6040D8D429CB097300884451 /* Resources */ = {
			isa = PBXResourcesBuildPhase;
			buildActionMask = 2147483647;
			files = (
				60DD46A529CBB84200058A9E /* View.xib in Resources */,
				6040D8E629CB097400884451 /* LaunchScreen.storyboard in Resources */,
				6040D8E329CB097400884451 /* Assets.xcassets in Resources */,
				6040D8E129CB097300884451 /* Main.storyboard in Resources */,
			);
			runOnlyForDeploymentPostprocessing = 0;
		};
/* End PBXResourcesBuildPhase section */

/* Begin PBXSourcesBuildPhase section */
		6040D8D229CB097300884451 /* Sources */ = {
			isa = PBXSourcesBuildPhase;
			buildActionMask = 2147483647;
			files = (
				6040D90129CBB56200884451 /* ViewButtons.swift in Sources */,
				60DD46A929CF1ED200058A9E /* Product.swift in Sources */,
				6040D8F329CB50CA00884451 /* Account.swift in Sources */,
				6040D8DE29CB097300884451 /* ViewController.swift in Sources */,
				6040D8DA29CB097300884451 /* AppDelegate.swift in Sources */,
				6040D8F129CB4F8800884451 /* ProductsViewController.swift in Sources */,
				6040D8DC29CB097300884451 /* SceneDelegate.swift in Sources */,
				6075B72829D750C300F8DBE4 /* PaymentViewController.swift in Sources */,
				6075B72229D5C7B400F8DBE4 /* CartTableViewCell.swift in Sources */,
				6075B72029D5BD6500F8DBE4 /* CartViewController.swift in Sources */,
				60DD46A729CBBEAC00058A9E /* TableViewCellMain.swift in Sources */,
			);
			runOnlyForDeploymentPostprocessing = 0;
		};
/* End PBXSourcesBuildPhase section */

/* Begin PBXVariantGroup section */
		6040D8DF29CB097300884451 /* Main.storyboard */ = {
			isa = PBXVariantGroup;
			children = (
				6040D8E029CB097300884451 /* Base */,
			);
			name = Main.storyboard;
			sourceTree = "<group>";
		};
		6040D8E429CB097400884451 /* LaunchScreen.storyboard */ = {
			isa = PBXVariantGroup;
			children = (
				6040D8E529CB097400884451 /* Base */,
			);
			name = LaunchScreen.storyboard;
			sourceTree = "<group>";
		};
/* End PBXVariantGroup section */

/* Begin XCBuildConfiguration section */
		6040D8E829CB097400884451 /* Debug */ = {
			isa = XCBuildConfiguration;
			buildSettings = {
				ALWAYS_SEARCH_USER_PATHS = NO;
				CLANG_ANALYZER_NONNULL = YES;
				CLANG_ANALYZER_NUMBER_OBJECT_CONVERSION = YES_AGGRESSIVE;
				CLANG_CXX_LANGUAGE_STANDARD = "gnu++20";
				CLANG_ENABLE_MODULES = YES;
				CLANG_ENABLE_OBJC_ARC = YES;
				CLANG_ENABLE_OBJC_WEAK = YES;
				CLANG_WARN_BLOCK_CAPTURE_AUTORELEASING = YES;
				CLANG_WARN_BOOL_CONVERSION = YES;
				CLANG_WARN_COMMA = YES;
				CLANG_WARN_CONSTANT_CONVERSION = YES;
				CLANG_WARN_DEPRECATED_OBJC_IMPLEMENTATIONS = YES;
				CLANG_WARN_DIRECT_OBJC_ISA_USAGE = YES_ERROR;
				CLANG_WARN_DOCUMENTATION_COMMENTS = YES;
				CLANG_WARN_EMPTY_BODY = YES;
				CLANG_WARN_ENUM_CONVERSION = YES;
				CLANG_WARN_INFINITE_RECURSION = YES;
				CLANG_WARN_INT_CONVERSION = YES;
				CLANG_WARN_NON_LITERAL_NULL_CONVERSION = YES;
				CLANG_WARN_OBJC_IMPLICIT_RETAIN_SELF = YES;
				CLANG_WARN_OBJC_LITERAL_CONVERSION = YES;
				CLANG_WARN_OBJC_ROOT_CLASS = YES_ERROR;
				CLANG_WARN_QUOTED_INCLUDE_IN_FRAMEWORK_HEADER = YES;
				CLANG_WARN_RANGE_LOOP_ANALYSIS = YES;
				CLANG_WARN_STRICT_PROTOTYPES = YES;
				CLANG_WARN_SUSPICIOUS_MOVE = YES;
				CLANG_WARN_UNGUARDED_AVAILABILITY = YES_AGGRESSIVE;
				CLANG_WARN_UNREACHABLE_CODE = YES;
				CLANG_WARN__DUPLICATE_METHOD_MATCH = YES;
				COPY_PHASE_STRIP = NO;
				DEBUG_INFORMATION_FORMAT = dwarf;
				ENABLE_STRICT_OBJC_MSGSEND = YES;
				ENABLE_TESTABILITY = YES;
				GCC_C_LANGUAGE_STANDARD = gnu11;
				GCC_DYNAMIC_NO_PIC = NO;
				GCC_NO_COMMON_BLOCKS = YES;
				GCC_OPTIMIZATION_LEVEL = 0;
				GCC_PREPROCESSOR_DEFINITIONS = (
					"DEBUG=1",
					"$(inherited)",
				);
				GCC_WARN_64_TO_32_BIT_CONVERSION = YES;
				GCC_WARN_ABOUT_RETURN_TYPE = YES_ERROR;
				GCC_WARN_UNDECLARED_SELECTOR = YES;
				GCC_WARN_UNINITIALIZED_AUTOS = YES_AGGRESSIVE;
				GCC_WARN_UNUSED_FUNCTION = YES;
				GCC_WARN_UNUSED_VARIABLE = YES;
				IPHONEOS_DEPLOYMENT_TARGET = 16.2;
				MTL_ENABLE_DEBUG_INFO = INCLUDE_SOURCE;
				MTL_FAST_MATH = YES;
				ONLY_ACTIVE_ARCH = YES;
				SDKROOT = iphoneos;
				SWIFT_ACTIVE_COMPILATION_CONDITIONS = DEBUG;
				SWIFT_OPTIMIZATION_LEVEL = "-Onone";
			};
			name = Debug;
		};
		6040D8E929CB097400884451 /* Release */ = {
			isa = XCBuildConfiguration;
			buildSettings = {
				ALWAYS_SEARCH_USER_PATHS = NO;
				CLANG_ANALYZER_NONNULL = YES;
				CLANG_ANALYZER_NUMBER_OBJECT_CONVERSION = YES_AGGRESSIVE;
				CLANG_CXX_LANGUAGE_STANDARD = "gnu++20";
				CLANG_ENABLE_MODULES = YES;
				CLANG_ENABLE_OBJC_ARC = YES;
				CLANG_ENABLE_OBJC_WEAK = YES;
				CLANG_WARN_BLOCK_CAPTURE_AUTORELEASING = YES;
				CLANG_WARN_BOOL_CONVERSION = YES;
				CLANG_WARN_COMMA = YES;
				CLANG_WARN_CONSTANT_CONVERSION = YES;
				CLANG_WARN_DEPRECATED_OBJC_IMPLEMENTATIONS = YES;
				CLANG_WARN_DIRECT_OBJC_ISA_USAGE = YES_ERROR;
				CLANG_WARN_DOCUMENTATION_COMMENTS = YES;
				CLANG_WARN_EMPTY_BODY = YES;
				CLANG_WARN_ENUM_CONVERSION = YES;
				CLANG_WARN_INFINITE_RECURSION = YES;
				CLANG_WARN_INT_CONVERSION = YES;
				CLANG_WARN_NON_LITERAL_NULL_CONVERSION = YES;
				CLANG_WARN_OBJC_IMPLICIT_RETAIN_SELF = YES;
				CLANG_WARN_OBJC_LITERAL_CONVERSION = YES;
				CLANG_WARN_OBJC_ROOT_CLASS = YES_ERROR;
				CLANG_WARN_QUOTED_INCLUDE_IN_FRAMEWORK_HEADER = YES;
				CLANG_WARN_RANGE_LOOP_ANALYSIS = YES;
				CLANG_WARN_STRICT_PROTOTYPES = YES;
				CLANG_WARN_SUSPICIOUS_MOVE = YES;
				CLANG_WARN_UNGUARDED_AVAILABILITY = YES_AGGRESSIVE;
				CLANG_WARN_UNREACHABLE_CODE = YES;
				CLANG_WARN__DUPLICATE_METHOD_MATCH = YES;
				COPY_PHASE_STRIP = NO;
				DEBUG_INFORMATION_FORMAT = "dwarf-with-dsym";
				ENABLE_NS_ASSERTIONS = NO;
				ENABLE_STRICT_OBJC_MSGSEND = YES;
				GCC_C_LANGUAGE_STANDARD = gnu11;
				GCC_NO_COMMON_BLOCKS = YES;
				GCC_WARN_64_TO_32_BIT_CONVERSION = YES;
				GCC_WARN_ABOUT_RETURN_TYPE = YES_ERROR;
				GCC_WARN_UNDECLARED_SELECTOR = YES;
				GCC_WARN_UNINITIALIZED_AUTOS = YES_AGGRESSIVE;
				GCC_WARN_UNUSED_FUNCTION = YES;
				GCC_WARN_UNUSED_VARIABLE = YES;
				IPHONEOS_DEPLOYMENT_TARGET = 16.2;
				MTL_ENABLE_DEBUG_INFO = NO;
				MTL_FAST_MATH = YES;
				SDKROOT = iphoneos;
				SWIFT_COMPILATION_MODE = wholemodule;
				SWIFT_OPTIMIZATION_LEVEL = "-O";
				VALIDATE_PRODUCT = YES;
			};
			name = Release;
		};
		6040D8EB29CB097400884451 /* Debug */ = {
			isa = XCBuildConfiguration;
			buildSettings = {
				ASSETCATALOG_COMPILER_APPICON_NAME = AppIcon;
				ASSETCATALOG_COMPILER_GLOBAL_ACCENT_COLOR_NAME = AccentColor;
				CODE_SIGN_STYLE = Automatic;
				CURRENT_PROJECT_VERSION = 1;
				DEVELOPMENT_TEAM = 2XP9JWLHYD;
				GENERATE_INFOPLIST_FILE = YES;
				INFOPLIST_FILE = Magazia.Final/Info.plist;
				INFOPLIST_KEY_UIApplicationSupportsIndirectInputEvents = YES;
				INFOPLIST_KEY_UILaunchStoryboardName = LaunchScreen;
				INFOPLIST_KEY_UIMainStoryboardFile = Main;
				INFOPLIST_KEY_UISupportedInterfaceOrientations = "UIInterfaceOrientationLandscapeLeft UIInterfaceOrientationLandscapeRight UIInterfaceOrientationPortrait";
				INFOPLIST_KEY_UISupportedInterfaceOrientations_iPad = "UIInterfaceOrientationLandscapeLeft UIInterfaceOrientationLandscapeRight UIInterfaceOrientationPortrait UIInterfaceOrientationPortraitUpsideDown";
				LD_RUNPATH_SEARCH_PATHS = (
					"$(inherited)",
					"@executable_path/Frameworks",
				);
				MARKETING_VERSION = 1.0;
				PRODUCT_BUNDLE_IDENTIFIER = "com.papuashvilizuka.Magazia-Final";
				PRODUCT_NAME = "$(TARGET_NAME)";
				SWIFT_EMIT_LOC_STRINGS = YES;
				SWIFT_VERSION = 5.0;
				TARGETED_DEVICE_FAMILY = "1,2";
			};
			name = Debug;
		};
		6040D8EC29CB097400884451 /* Release */ = {
			isa = XCBuildConfiguration;
			buildSettings = {
				ASSETCATALOG_COMPILER_APPICON_NAME = AppIcon;
				ASSETCATALOG_COMPILER_GLOBAL_ACCENT_COLOR_NAME = AccentColor;
				CODE_SIGN_STYLE = Automatic;
				CURRENT_PROJECT_VERSION = 1;
				DEVELOPMENT_TEAM = 2XP9JWLHYD;
				GENERATE_INFOPLIST_FILE = YES;
				INFOPLIST_FILE = Magazia.Final/Info.plist;
				INFOPLIST_KEY_UIApplicationSupportsIndirectInputEvents = YES;
				INFOPLIST_KEY_UILaunchStoryboardName = LaunchScreen;
				INFOPLIST_KEY_UIMainStoryboardFile = Main;
				INFOPLIST_KEY_UISupportedInterfaceOrientations = "UIInterfaceOrientationLandscapeLeft UIInterfaceOrientationLandscapeRight UIInterfaceOrientationPortrait";
				INFOPLIST_KEY_UISupportedInterfaceOrientations_iPad = "UIInterfaceOrientationLandscapeLeft UIInterfaceOrientationLandscapeRight UIInterfaceOrientationPortrait UIInterfaceOrientationPortraitUpsideDown";
				LD_RUNPATH_SEARCH_PATHS = (
					"$(inherited)",
					"@executable_path/Frameworks",
				);
				MARKETING_VERSION = 1.0;
				PRODUCT_BUNDLE_IDENTIFIER = "com.papuashvilizuka.Magazia-Final";
				PRODUCT_NAME = "$(TARGET_NAME)";
				SWIFT_EMIT_LOC_STRINGS = YES;
				SWIFT_VERSION = 5.0;
				TARGETED_DEVICE_FAMILY = "1,2";
			};
			name = Release;
		};
/* End XCBuildConfiguration section */

/* Begin XCConfigurationList section */
		6040D8D129CB097300884451 /* Build configuration list for PBXProject "Magazia.Final" */ = {
			isa = XCConfigurationList;
			buildConfigurations = (
				6040D8E829CB097400884451 /* Debug */,
				6040D8E929CB097400884451 /* Release */,
			);
			defaultConfigurationIsVisible = 0;
			defaultConfigurationName = Release;
		};
		6040D8EA29CB097400884451 /* Build configuration list for PBXNativeTarget "Magazia.Final" */ = {
			isa = XCConfigurationList;
			buildConfigurations = (
				6040D8EB29CB097400884451 /* Debug */,
				6040D8EC29CB097400884451 /* Release */,
			);
			defaultConfigurationIsVisible = 0;
			defaultConfigurationName = Release;
		};
/* End XCConfigurationList section */
	};
	rootObject = 6040D8CE29CB097300884451 /* Project object */;
}
